// !$*UTF8*$!
{
	archiveVersion = 1;
	classes = {
	};
	objectVersion = 46;
	objects = {

/* Begin PBXBuildFile section */
		C5259C181B5E2D5F00199982 /* main.m in Sources */ = {isa = PBXBuildFile; fileRef = C5259C171B5E2D5F00199982 /* main.m */; };
		C5259C1B1B5E2D5F00199982 /* AppDelegate.m in Sources */ = {isa = PBXBuildFile; fileRef = C5259C1A1B5E2D5F00199982 /* AppDelegate.m */; };
		C5259C1E1B5E2D5F00199982 /* ViewController.m in Sources */ = {isa = PBXBuildFile; fileRef = C5259C1D1B5E2D5F00199982 /* ViewController.m */; };
		C5259C211B5E2D5F00199982 /* Main.storyboard in Resources */ = {isa = PBXBuildFile; fileRef = C5259C1F1B5E2D5F00199982 /* Main.storyboard */; };
		C5259C231B5E2D5F00199982 /* Images.xcassets in Resources */ = {isa = PBXBuildFile; fileRef = C5259C221B5E2D5F00199982 /* Images.xcassets */; };
		C5259C261B5E2D5F00199982 /* LaunchScreen.xib in Resources */ = {isa = PBXBuildFile; fileRef = C5259C241B5E2D5F00199982 /* LaunchScreen.xib */; };
		C5259C321B5E2D5F00199982 /* TVPlayTests.m in Sources */ = {isa = PBXBuildFile; fileRef = C5259C311B5E2D5F00199982 /* TVPlayTests.m */; };
		C5259C3C1B5E2DEB00199982 /* promo_full.mp4 in Resources */ = {isa = PBXBuildFile; fileRef = C5259C3B1B5E2DEB00199982 /* promo_full.mp4 */; };
		C5259C3F1B5E302E00199982 /* MoviePlayerVIewController.m in Sources */ = {isa = PBXBuildFile; fileRef = C5259C3E1B5E302E00199982 /* MoviePlayerVIewController.m */; };
/* End PBXBuildFile section */

/* Begin PBXContainerItemProxy section */
		C5259C2C1B5E2D5F00199982 /* PBXContainerItemProxy */ = {
			isa = PBXContainerItemProxy;
			containerPortal = C5259C0A1B5E2D5F00199982 /* Project object */;
			proxyType = 1;
			remoteGlobalIDString = C5259C111B5E2D5F00199982;
			remoteInfo = TVPlay;
		};
/* End PBXContainerItemProxy section */

/* Begin PBXFileReference section */
		C5259C121B5E2D5F00199982 /* TVPlay.app */ = {isa = PBXFileReference; explicitFileType = wrapper.application; includeInIndex = 0; path = TVPlay.app; sourceTree = BUILT_PRODUCTS_DIR; };
		C5259C161B5E2D5F00199982 /* Info.plist */ = {isa = PBXFileReference; lastKnownFileType = text.plist.xml; path = Info.plist; sourceTree = "<group>"; };
		C5259C171B5E2D5F00199982 /* main.m */ = {isa = PBXFileReference; lastKnownFileType = sourcecode.c.objc; path = main.m; sourceTree = "<group>"; };
		C5259C191B5E2D5F00199982 /* AppDelegate.h */ = {isa = PBXFileReference; lastKnownFileType = sourcecode.c.h; path = AppDelegate.h; sourceTree = "<group>"; };
		C5259C1A1B5E2D5F00199982 /* AppDelegate.m */ = {isa = PBXFileReference; lastKnownFileType = sourcecode.c.objc; path = AppDelegate.m; sourceTree = "<group>"; };
		C5259C1C1B5E2D5F00199982 /* ViewController.h */ = {isa = PBXFileReference; lastKnownFileType = sourcecode.c.h; path = ViewController.h; sourceTree = "<group>"; };
		C5259C1D1B5E2D5F00199982 /* ViewController.m */ = {isa = PBXFileReference; lastKnownFileType = sourcecode.c.objc; path = ViewController.m; sourceTree = "<group>"; };
		C5259C201B5E2D5F00199982 /* Base */ = {isa = PBXFileReference; lastKnownFileType = file.storyboard; name = Base; path = Base.lproj/Main.storyboard; sourceTree = "<group>"; };
		C5259C221B5E2D5F00199982 /* Images.xcassets */ = {isa = PBXFileReference; lastKnownFileType = folder.assetcatalog; path = Images.xcassets; sourceTree = "<group>"; };
		C5259C251B5E2D5F00199982 /* Base */ = {isa = PBXFileReference; lastKnownFileType = file.xib; name = Base; path = Base.lproj/LaunchScreen.xib; sourceTree = "<group>"; };
		C5259C2B1B5E2D5F00199982 /* TVPlayTests.xctest */ = {isa = PBXFileReference; explicitFileType = wrapper.cfbundle; includeInIndex = 0; path = TVPlayTests.xctest; sourceTree = BUILT_PRODUCTS_DIR; };
		C5259C301B5E2D5F00199982 /* Info.plist */ = {isa = PBXFileReference; lastKnownFileType = text.plist.xml; path = Info.plist; sourceTree = "<group>"; };
		C5259C311B5E2D5F00199982 /* TVPlayTests.m */ = {isa = PBXFileReference; lastKnownFileType = sourcecode.c.objc; path = TVPlayTests.m; sourceTree = "<group>"; };
		C5259C3B1B5E2DEB00199982 /* promo_full.mp4 */ = {isa = PBXFileReference; lastKnownFileType = file; path = promo_full.mp4; sourceTree = "<group>"; };
		C5259C3D1B5E302E00199982 /* MoviePlayerVIewController.h */ = {isa = PBXFileReference; fileEncoding = 4; lastKnownFileType = sourcecode.c.h; path = MoviePlayerVIewController.h; sourceTree = "<group>"; };
		C5259C3E1B5E302E00199982 /* MoviePlayerVIewController.m */ = {isa = PBXFileReference; fileEncoding = 4; lastKnownFileType = sourcecode.c.objc; path = MoviePlayerVIewController.m; sourceTree = "<group>"; };
/* End PBXFileReference section */

/* Begin PBXFrameworksBuildPhase section */
		C5259C0F1B5E2D5F00199982 /* Frameworks */ = {
			isa = PBXFrameworksBuildPhase;
			buildActionMask = 2147483647;
			files = (
			);
			runOnlyForDeploymentPostprocessing = 0;
		};
		C5259C281B5E2D5F00199982 /* Frameworks */ = {
			isa = PBXFrameworksBuildPhase;
			buildActionMask = 2147483647;
			files = (
			);
			runOnlyForDeploymentPostprocessing = 0;
		};
/* End PBXFrameworksBuildPhase section */

/* Begin PBXGroup section */
		C5259C091B5E2D5F00199982 = {
			isa = PBXGroup;
			children = (
				C5259C141B5E2D5F00199982 /* TVPlay */,
				C5259C2E1B5E2D5F00199982 /* TVPlayTests */,
				C5259C131B5E2D5F00199982 /* Products */,
			);
			sourceTree = "<group>";
		};
		C5259C131B5E2D5F00199982 /* Products */ = {
			isa = PBXGroup;
			children = (
				C5259C121B5E2D5F00199982 /* TVPlay.app */,
				C5259C2B1B5E2D5F00199982 /* TVPlayTests.xctest */,
			);
			name = Products;
			sourceTree = "<group>";
		};
		C5259C141B5E2D5F00199982 /* TVPlay */ = {
			isa = PBXGroup;
			children = (
				C5259C191B5E2D5F00199982 /* AppDelegate.h */,
				C5259C1A1B5E2D5F00199982 /* AppDelegate.m */,
				C5259C1C1B5E2D5F00199982 /* ViewController.h */,
				C5259C1D1B5E2D5F00199982 /* ViewController.m */,
				C5259C1F1B5E2D5F00199982 /* Main.storyboard */,
				C5259C221B5E2D5F00199982 /* Images.xcassets */,
				C5259C241B5E2D5F00199982 /* LaunchScreen.xib */,
				C5259C151B5E2D5F00199982 /* Supporting Files */,
				C5259C3D1B5E302E00199982 /* MoviePlayerVIewController.h */,
				C5259C3E1B5E302E00199982 /* MoviePlayerVIewController.m */,
			);
			path = TVPlay;
			sourceTree = "<group>";
		};
		C5259C151B5E2D5F00199982 /* Supporting Files */ = {
			isa = PBXGroup;
			children = (
				C5259C3B1B5E2DEB00199982 /* promo_full.mp4 */,
				C5259C161B5E2D5F00199982 /* Info.plist */,
				C5259C171B5E2D5F00199982 /* main.m */,
			);
			name = "Supporting Files";
			sourceTree = "<group>";
		};
		C5259C2E1B5E2D5F00199982 /* TVPlayTests */ = {
			isa = PBXGroup;
			children = (
				C5259C311B5E2D5F00199982 /* TVPlayTests.m */,
				C5259C2F1B5E2D5F00199982 /* Supporting Files */,
			);
			path = TVPlayTests;
			sourceTree = "<group>";
		};
		C5259C2F1B5E2D5F00199982 /* Supporting Files */ = {
			isa = PBXGroup;
			children = (
				C5259C301B5E2D5F00199982 /* Info.plist */,
			);
			name = "Supporting Files";
			sourceTree = "<group>";
		};
/* End PBXGroup section */

/* Begin PBXNativeTarget section */
		C5259C111B5E2D5F00199982 /* TVPlay */ = {
			isa = PBXNativeTarget;
			buildConfigurationList = C5259C351B5E2D5F00199982 /* Build configuration list for PBXNativeTarget "TVPlay" */;
			buildPhases = (
				C5259C0E1B5E2D5F00199982 /* Sources */,
				C5259C0F1B5E2D5F00199982 /* Frameworks */,
				C5259C101B5E2D5F00199982 /* Resources */,
			);
			buildRules = (
			);
			dependencies = (
			);
			name = TVPlay;
			productName = TVPlay;
			productReference = C5259C121B5E2D5F00199982 /* TVPlay.app */;
			productType = "com.apple.product-type.application";
		};
		C5259C2A1B5E2D5F00199982 /* TVPlayTests */ = {
			isa = PBXNativeTarget;
			buildConfigurationList = C5259C381B5E2D5F00199982 /* Build configuration list for PBXNativeTarget "TVPlayTests" */;
			buildPhases = (
				C5259C271B5E2D5F00199982 /* Sources */,
				C5259C281B5E2D5F00199982 /* Frameworks */,
				C5259C291B5E2D5F00199982 /* Resources */,
			);
			buildRules = (
			);
			dependencies = (
				C5259C2D1B5E2D5F00199982 /* PBXTargetDependency */,
			);
			name = TVPlayTests;
			productName = TVPlayTests;
			productReference = C5259C2B1B5E2D5F00199982 /* TVPlayTests.xctest */;
			productType = "com.apple.product-type.bundle.unit-test";
		};
/* End PBXNativeTarget section */

/* Begin PBXProject section */
		C5259C0A1B5E2D5F00199982 /* Project object */ = {
			isa = PBXProject;
			attributes = {
				LastUpgradeCheck = 0630;
				ORGANIZATIONNAME = jobs;
				TargetAttributes = {
					C5259C111B5E2D5F00199982 = {
						CreatedOnToolsVersion = 6.3;
					};
					C5259C2A1B5E2D5F00199982 = {
						CreatedOnToolsVersion = 6.3;
						TestTargetID = C5259C111B5E2D5F00199982;
					};
				};
			};
			buildConfigurationList = C5259C0D1B5E2D5F00199982 /* Build configuration list for PBXProject "TVPlay" */;
			compatibilityVersion = "Xcode 3.2";
			developmentRegion = English;
			hasScannedForEncodings = 0;
			knownRegions = (
				en,
				Base,
			);
			mainGroup = C5259C091B5E2D5F00199982;
			productRefGroup = C5259C131B5E2D5F00199982 /* Products */;
			projectDirPath = "";
			projectRoot = "";
			targets = (
				C5259C111B5E2D5F00199982 /* TVPlay */,
				C5259C2A1B5E2D5F00199982 /* TVPlayTests */,
			);
		};
/* End PBXProject section */

/* Begin PBXResourcesBuildPhase section */
		C5259C101B5E2D5F00199982 /* Resources */ = {
			isa = PBXResourcesBuildPhase;
			buildActionMask = 2147483647;
			files = (
				C5259C3C1B5E2DEB00199982 /* promo_full.mp4 in Resources */,
				C5259C211B5E2D5F00199982 /* Main.storyboard in Resources */,
				C5259C261B5E2D5F00199982 /* LaunchScreen.xib in Resources */,
				C5259C231B5E2D5F00199982 /* Images.xcassets in Resources */,
			);
			runOnlyForDeploymentPostprocessing = 0;
		};
		C5259C291B5E2D5F00199982 /* Resources */ = {
			isa = PBXResourcesBuildPhase;
			buildActionMask = 2147483647;
			files = (
			);
			runOnlyForDeploymentPostprocessing = 0;
		};
/* End PBXResourcesBuildPhase section */

/* Begin PBXSourcesBuildPhase section */
		C5259C0E1B5E2D5F00199982 /* Sources */ = {
			isa = PBXSourcesBuildPhase;
			buildActionMask = 2147483647;
			files = (
				C5259C1E1B5E2D5F00199982 /* ViewController.m in Sources */,
				C5259C1B1B5E2D5F00199982 /* AppDelegate.m in Sources */,
				C5259C3F1B5E302E00199982 /* MoviePlayerVIewController.m in Sources */,
				C5259C181B5E2D5F00199982 /* main.m in Sources */,
			);
			runOnlyForDeploymentPostprocessing = 0;
		};
		C5259C271B5E2D5F00199982 /* Sources */ = {
			isa = PBXSourcesBuildPhase;
			buildActionMask = 2147483647;
			files = (
				C5259C321B5E2D5F00199982 /* TVPlayTests.m in Sources */,
			);
			runOnlyForDeploymentPostprocessing = 0;
		};
/* End PBXSourcesBuildPhase section */

/* Begin PBXTargetDependency section */
		C5259C2D1B5E2D5F00199982 /* PBXTargetDependency */ = {
			isa = PBXTargetDependency;
			target = C5259C111B5E2D5F00199982 /* TVPlay */;
			targetProxy = C5259C2C1B5E2D5F00199982 /* PBXContainerItemProxy */;
		};
/* End PBXTargetDependency section */

/* Begin PBXVariantGroup section */
		C5259C1F1B5E2D5F00199982 /* Main.storyboard */ = {
			isa = PBXVariantGroup;
			children = (
				C5259C201B5E2D5F00199982 /* Base */,
			);
			name = Main.storyboard;
			sourceTree = "<group>";
		};
		C5259C241B5E2D5F00199982 /* LaunchScreen.xib */ = {
			isa = PBXVariantGroup;
			children = (
				C5259C251B5E2D5F00199982 /* Base */,
			);
			name = LaunchScreen.xib;
			sourceTree = "<group>";
		};
/* End PBXVariantGroup section */

/* Begin XCBuildConfiguration section */
		C5259C331B5E2D5F00199982 /* Debug */ = {
			isa = XCBuildConfiguration;
			buildSettings = {
				ALWAYS_SEARCH_USER_PATHS = NO;
				CLANG_CXX_LANGUAGE_STANDARD = "gnu++0x";
				CLANG_CXX_LIBRARY = "libc++";
				CLANG_ENABLE_MODULES = YES;
				CLANG_ENABLE_OBJC_ARC = YES;
				CLANG_WARN_BOOL_CONVERSION = YES;
				CLANG_WARN_CONSTANT_CONVERSION = YES;
				CLANG_WARN_DIRECT_OBJC_ISA_USAGE = YES_ERROR;
				CLANG_WARN_EMPTY_BODY = YES;
				CLANG_WARN_ENUM_CONVERSION = YES;
				CLANG_WARN_INT_CONVERSION = YES;
				CLANG_WARN_OBJC_ROOT_CLASS = YES_ERROR;
				CLANG_WARN_UNREACHABLE_CODE = YES;
				CLANG_WARN__DUPLICATE_METHOD_MATCH = YES;
				"CODE_SIGN_IDENTITY[sdk=iphoneos*]" = "iPhone Developer";
				COPY_PHASE_STRIP = NO;
				DEBUG_INFORMATION_FORMAT = "dwarf-with-dsym";
				ENABLE_STRICT_OBJC_MSGSEND = YES;
				GCC_C_LANGUAGE_STANDARD = gnu99;
				GCC_DYNAMIC_NO_PIC = NO;
				GCC_NO_COMMON_BLOCKS = YES;
				GCC_OPTIMIZATION_LEVEL = 0;
				GCC_PREPROCESSOR_DEFINITIONS = (
					"DEBUG=1",
					"$(inherited)",
				);
				GCC_SYMBOLS_PRIVATE_EXTERN = NO;
				GCC_WARN_64_TO_32_BIT_CONVERSION = YES;
				GCC_WARN_ABOUT_RETURN_TYPE = YES_ERROR;
				GCC_WARN_UNDECLARED_SELECTOR = YES;
				GCC_WARN_UNINITIALIZED_AUTOS = YES_AGGRESSIVE;
				GCC_WARN_UNUSED_FUNCTION = YES;
				GCC_WARN_UNUSED_VARIABLE = YES;
				IPHONEOS_DEPLOYMENT_TARGET = 8.3;
				MTL_ENABLE_DEBUG_INFO = YES;
				ONLY_ACTIVE_ARCH = YES;
				SDKROOT = iphoneos;
			};
			name = Debug;
		};
		C5259C341B5E2D5F00199982 /* Release */ = {
			isa = XCBuildConfiguration;
			buildSettings = {
				ALWAYS_SEARCH_USER_PATHS = NO;
				CLANG_CXX_LANGUAGE_STANDARD = "gnu++0x";
				CLANG_CXX_LIBRARY = "libc++";
				CLANG_ENABLE_MODULES = YES;
				CLANG_ENABLE_OBJC_ARC = YES;
				CLANG_WARN_BOOL_CONVERSION = YES;
				CLANG_WARN_CONSTANT_CONVERSION = YES;
				CLANG_WARN_DIRECT_OBJC_ISA_USAGE = YES_ERROR;
				CLANG_WARN_EMPTY_BODY = YES;
				CLANG_WARN_ENUM_CONVERSION = YES;
				CLANG_WARN_INT_CONVERSION = YES;
				CLANG_WARN_OBJC_ROOT_CLASS = YES_ERROR;
				CLANG_WARN_UNREACHABLE_CODE = YES;
				CLANG_WARN__DUPLICATE_METHOD_MATCH = YES;
				"CODE_SIGN_IDENTITY[sdk=iphoneos*]" = "iPhone Developer";
				COPY_PHASE_STRIP = NO;
				DEBUG_INFORMATION_FORMAT = "dwarf-with-dsym";
				ENABLE_NS_ASSERTIONS = NO;
				ENABLE_STRICT_OBJC_MSGSEND = YES;
				GCC_C_LANGUAGE_STANDARD = gnu99;
				GCC_NO_COMMON_BLOCKS = YES;
				GCC_WARN_64_TO_32_BIT_CONVERSION = YES;
				GCC_WARN_ABOUT_RETURN_TYPE = YES_ERROR;
				GCC_WARN_UNDECLARED_SELECTOR = YES;
				GCC_WARN_UNINITIALIZED_AUTOS = YES_AGGRESSIVE;
				GCC_WARN_UNUSED_FUNCTION = YES;
				GCC_WARN_UNUSED_VARIABLE = YES;
				IPHONEOS_DEPLOYMENT_TARGET = 8.3;
				MTL_ENABLE_DEBUG_INFO = NO;
				SDKROOT = iphoneos;
				VALIDATE_PRODUCT = YES;
			};
			name = Release;
		};
		C5259C361B5E2D5F00199982 /* Debug */ = {
			isa = XCBuildConfiguration;
			buildSettings = {
				ASSETCATALOG_COMPILER_APPICON_NAME = AppIcon;
				INFOPLIST_FILE = TVPlay/Info.plist;
				LD_RUNPATH_SEARCH_PATHS = "$(inherited) @executable_path/Frameworks";
				PRODUCT_NAME = "$(TARGET_NAME)";
			};
			name = Debug;
		};
		C5259C371B5E2D5F00199982 /* Release */ = {
			isa = XCBuildConfiguration;
			buildSettings = {
				ASSETCATALOG_COMPILER_APPICON_NAME = AppIcon;
				INFOPLIST_FILE = TVPlay/Info.plist;
				LD_RUNPATH_SEARCH_PATHS = "$(inherited) @executable_path/Frameworks";
				PRODUCT_NAME = "$(TARGET_NAME)";
			};
			name = Release;
		};
		C5259C391B5E2D5F00199982 /* Debug */ = {
			isa = XCBuildConfiguration;
			buildSettings = {
				BUNDLE_LOADER = "$(TEST_HOST)";
				FRAMEWORK_SEARCH_PATHS = (
					"$(SDKROOT)/Developer/Library/Frameworks",
					"$(inherited)",
				);
				GCC_PREPROCESSOR_DEFINITIONS = (
					"DEBUG=1",
					"$(inherited)",
				);
				INFOPLIST_FILE = TVPlayTests/Info.plist;
				LD_RUNPATH_SEARCH_PATHS = "$(inherited) @executable_path/Frameworks @loader_path/Frameworks";
				PRODUCT_NAME = "$(TARGET_NAME)";
				TEST_HOST = "$(BUILT_PRODUCTS_DIR)/TVPlay.app/TVPlay";
			};
			name = Debug;
		};
		C5259C3A1B5E2D5F00199982 /* Release */ = {
			isa = XCBuildConfiguration;
			buildSettings = {
				BUNDLE_LOADER = "$(TEST_HOST)";
				FRAMEWORK_SEARCH_PATHS = (
					"$(SDKROOT)/Developer/Library/Frameworks",
					"$(inherited)",
				);
				INFOPLIST_FILE = TVPlayTests/Info.plist;
				LD_RUNPATH_SEARCH_PATHS = "$(inherited) @executable_path/Frameworks @loader_path/Frameworks";
				PRODUCT_NAME = "$(TARGET_NAME)";
				TEST_HOST = "$(BUILT_PRODUCTS_DIR)/TVPlay.app/TVPlay";
			};
			name = Release;
		};
/* End XCBuildConfiguration section */

/* Begin XCConfigurationList section */
		C5259C0D1B5E2D5F00199982 /* Build configuration list for PBXProject "TVPlay" */ = {
			isa = XCConfigurationList;
			buildConfigurations = (
				C5259C331B5E2D5F00199982 /* Debug */,
				C5259C341B5E2D5F00199982 /* Release */,
			);
			defaultConfigurationIsVisible = 0;
			defaultConfigurationName = Release;
		};
		C5259C351B5E2D5F00199982 /* Build configuration list for PBXNativeTarget "TVPlay" */ = {
			isa = XCConfigurationList;
			buildConfigurations = (
				C5259C361B5E2D5F00199982 /* Debug */,
				C5259C371B5E2D5F00199982 /* Release */,
			);
			defaultConfigurationIsVisible = 0;
		};
		C5259C381B5E2D5F00199982 /* Build configuration list for PBXNativeTarget "TVPlayTests" */ = {
			isa = XCConfigurationList;
			buildConfigurations = (
				C5259C391B5E2D5F00199982 /* Debug */,
				C5259C3A1B5E2D5F00199982 /* Release */,
			);
			defaultConfigurationIsVisible = 0;
		};
/* End XCConfigurationList section */
	};
	rootObject = C5259C0A1B5E2D5F00199982 /* Project object */;
}
